{
  "version": "3",
  "remote": {
    "https://edge.netlify.com/": "fd941d61d88673d5f28aab283fb86fcc50f08a3bc80ee5470498fcfa88c65cfb",
    "https://edge.netlify.com/bootstrap/config.ts": "0aa0a225d978b89e0e62cbd853701605199e7a84095e55eeb70147faf1a24803",
    "https://edge.netlify.com/bootstrap/context.ts": "b9b4e7cbb67a9d83cb28e45145ba3dfa6f05ad965587ef7e2fb0896da62dd16e",
    "https://edge.netlify.com/bootstrap/cookie.ts": "8b0baae708989ca183c6f3b4ab3d029e6abcbc2e43f93edeb0ff447b3bbc3a05",
    "https://edge.netlify.com/bootstrap/edge_function.ts": "b8253e86aa83c67341f5cfedeba5049d77fbf84dcab7eceff7566b7728ae9b39",
    "https://edge.netlify.com/bootstrap/globals/types.ts": "4d90649d4668839422ef94766c53174c3f19c001886eea3266c082a6197fe2fe"
  },
  "workspace": {
    "packageJson": {
      "dependencies": [
        "npm:@lottiefiles/svelte-lottie-player@^0.3.1",
        "npm:@popperjs/core@^2.11.6",
        "npm:@rollup/plugin-commonjs@^26.0.1",
        "npm:@rollup/plugin-node-resolve@^15.2.3",
        "npm:@rollup/plugin-typescript@^11.1.6",
        "npm:@tsconfig/svelte@^5.0.4",
        "npm:atropos@^1.0.2",
        "npm:broadcast-channel@^7.0.0",
        "npm:chart.js@^4.4.5",
        "npm:chartjs-adapter-luxon@^1.3.1",
        "npm:chartjs-plugin-annotation@^3.1.0",
        "npm:chartjs-plugin-trendline@^2.1.5",
        "npm:chartjs-plugin-zoom@^2.0.1",
        "npm:clean-css@^5.3.3",
        "npm:comlink@^4.3.1",
        "npm:d3@^7.9.0",
        "npm:deep-equal@^2.2.3",
        "npm:eventemitter3@^5.0.1",
        "npm:execa@^9.3.0",
        "npm:fake-indexeddb@^6.0.0",
        "npm:file-saver@^2.0.5",
        "npm:grapesjs-blocks-basic@^1.0.2",
        "npm:grapesjs-blocks-flexbox@^1.0.1",
        "npm:grapesjs-component-code-editor@^1.0.20",
        "npm:grapesjs-custom-code@^1.0.2",
        "npm:grapesjs-float@^0.0.7",
        "npm:grapesjs-lory-slider@^0.1.5",
        "npm:grapesjs-parser-postcss@^1.0.3",
        "npm:grapesjs-plugin-ckeditor@^1.0.1",
        "npm:grapesjs-plugin-export@^1.0.12",
        "npm:grapesjs-plugin-forms@^2.0.6",
        "npm:grapesjs-preset-webpage@^1.0.3",
        "npm:grapesjs-style-gradient@^3.0.3",
        "npm:grapesjs-tabs@^1.0.6",
        "npm:grapesjs-tooltip@^0.1.8",
        "npm:grapesjs-touch@^0.1.1",
        "npm:grapesjs-tui-image-editor@^1.0.2",
        "npm:grapesjs-typed@^2.0.1",
        "npm:grapesjs-ui-suggest-classes@^1.0.19",
        "npm:grapesjs@^0.22.1",
        "npm:idb@^8.0.0",
        "npm:immer@^10.1.1",
        "npm:json-stable-stringify@^1.1.1",
        "npm:luxon@^3.4.4",
        "npm:p-queue@8.0.1",
        "npm:prettier-plugin-svelte@^3.2.7",
        "npm:prettier@^3.3.3",
        "npm:rollup-plugin-css-only@^4.5.2",
        "npm:rollup-plugin-livereload@^2.0.0",
        "npm:rollup-plugin-replace@^2.2.0",
        "npm:rollup-plugin-svelte@^7.2.2",
        "npm:rollup-plugin-svg@^2.0.0",
        "npm:rollup-plugin-terser@^7.0.0",
        "npm:rollup@^4.18.0",
        "npm:sirv-cli@^2.0.2",
        "npm:suneditor@^2.47.0",
        "npm:svelte-check@^4.0.5",
        "npm:svelte-confetti@^2.1.2",
        "npm:svelte-dnd-action@^0.9.52",
        "npm:svelte-meta-tags@3.1.4",
        "npm:svelte-notifications@^0.9.98",
        "npm:svelte-preprocess@^6.0.3",
        "npm:svelte-range-slider-pips@^3.1.1",
        "npm:svelte-select@^4.4.7",
        "npm:svelte@^5.12.0",
        "npm:svrollbar@^0.12.0",
        "npm:tslib@^2.6.3",
        "npm:typescript@^5.5.2"
      ]
    }
  }
}
